// !$*UTF8*$!
{
	archiveVersion = 1;
	classes = {
	};
	objectVersion = 46;
	objects = {

/* Begin PBXBuildFile section */
		79CAE3321C18B08F000231E8 /* AppDelegate.swift in Sources */ = {isa = PBXBuildFile; fileRef = 79CAE3311C18B08F000231E8 /* AppDelegate.swift */; };
		79CAE3341C18B08F000231E8 /* Assets.xcassets in Resources */ = {isa = PBXBuildFile; fileRef = 79CAE3331C18B08F000231E8 /* Assets.xcassets */; };
		79CAE3371C18B08F000231E8 /* LaunchScreen.storyboard in Resources */ = {isa = PBXBuildFile; fileRef = 79CAE3351C18B08F000231E8 /* LaunchScreen.storyboard */; };
		79CAE3421C18B08F000231E8 /* HooksCodeTestTests.swift in Sources */ = {isa = PBXBuildFile; fileRef = 79CAE3411C18B08F000231E8 /* HooksCodeTestTests.swift */; };
		79CAE34D1C18B136000231E8 /* Constants.swift in Sources */ = {isa = PBXBuildFile; fileRef = 79CAE34C1C18B136000231E8 /* Constants.swift */; };
		79CAE3581C18B5A7000231E8 /* DataModel.xcdatamodeld in Sources */ = {isa = PBXBuildFile; fileRef = 79CAE3561C18B5A7000231E8 /* DataModel.xcdatamodeld */; };
		79CAE35C1C18B8DA000231E8 /* WeatherEntity+CoreDataProperties.swift in Sources */ = {isa = PBXBuildFile; fileRef = 79CAE35A1C18B8DA000231E8 /* WeatherEntity+CoreDataProperties.swift */; };
		79CAE35D1C18B8DA000231E8 /* WeatherEntity.swift in Sources */ = {isa = PBXBuildFile; fileRef = 79CAE35B1C18B8DA000231E8 /* WeatherEntity.swift */; };
		79CAE35F1C18B915000231E8 /* CoreDataContextManager.swift in Sources */ = {isa = PBXBuildFile; fileRef = 79CAE35E1C18B915000231E8 /* CoreDataContextManager.swift */; };
		79CAE3611C18BA2B000231E8 /* HTTPRequestManagerProtocol.swift in Sources */ = {isa = PBXBuildFile; fileRef = 79CAE3601C18BA2B000231E8 /* HTTPRequestManagerProtocol.swift */; };
		79CAE3631C18BAF8000231E8 /* CurrentWeatherInteractor.swift in Sources */ = {isa = PBXBuildFile; fileRef = 79CAE3621C18BAF8000231E8 /* CurrentWeatherInteractor.swift */; };
		79CAE3651C18BB1B000231E8 /* FiveDaysForecastInteractor.swift in Sources */ = {isa = PBXBuildFile; fileRef = 79CAE3641C18BB1B000231E8 /* FiveDaysForecastInteractor.swift */; };
		79CAE3671C18BB9A000231E8 /* NSManagedObjectContext+ChangeContext.swift in Sources */ = {isa = PBXBuildFile; fileRef = 79CAE3661C18BB9A000231E8 /* NSManagedObjectContext+ChangeContext.swift */; };
		79CAE36F1C18C095000231E8 /* WeatherProvider.swift in Sources */ = {isa = PBXBuildFile; fileRef = 79CAE36E1C18C095000231E8 /* WeatherProvider.swift */; };
		79CAE3731C18C1A3000231E8 /* HTTPRequestManagerFactory.swift in Sources */ = {isa = PBXBuildFile; fileRef = 79CAE3721C18C1A3000231E8 /* HTTPRequestManagerFactory.swift */; };
		79CAE3751C18C1E6000231E8 /* HTTPRequestManager.swift in Sources */ = {isa = PBXBuildFile; fileRef = 79CAE3741C18C1E6000231E8 /* HTTPRequestManager.swift */; };
		79CAE3771C18C244000231E8 /* HTTPSessionManager.swift in Sources */ = {isa = PBXBuildFile; fileRef = 79CAE3761C18C244000231E8 /* HTTPSessionManager.swift */; };
/* End PBXBuildFile section */

/* Begin PBXContainerItemProxy section */
		79CAE33E1C18B08F000231E8 /* PBXContainerItemProxy */ = {
			isa = PBXContainerItemProxy;
			containerPortal = 79CAE3261C18B08F000231E8 /* Project object */;
			proxyType = 1;
			remoteGlobalIDString = 79CAE32D1C18B08F000231E8;
			remoteInfo = HooksCodeTest;
		};
/* End PBXContainerItemProxy section */

/* Begin PBXFileReference section */
		79CAE32E1C18B08F000231E8 /* HooksCodeTest.app */ = {isa = PBXFileReference; explicitFileType = wrapper.application; includeInIndex = 0; path = HooksCodeTest.app; sourceTree = BUILT_PRODUCTS_DIR; };
		79CAE3311C18B08F000231E8 /* AppDelegate.swift */ = {isa = PBXFileReference; lastKnownFileType = sourcecode.swift; path = AppDelegate.swift; sourceTree = "<group>"; };
		79CAE3331C18B08F000231E8 /* Assets.xcassets */ = {isa = PBXFileReference; lastKnownFileType = folder.assetcatalog; path = Assets.xcassets; sourceTree = "<group>"; };
		79CAE3361C18B08F000231E8 /* Base */ = {isa = PBXFileReference; lastKnownFileType = file.storyboard; name = Base; path = Base.lproj/LaunchScreen.storyboard; sourceTree = "<group>"; };
		79CAE3381C18B08F000231E8 /* Info.plist */ = {isa = PBXFileReference; lastKnownFileType = text.plist.xml; path = Info.plist; sourceTree = "<group>"; };
		79CAE33D1C18B08F000231E8 /* HooksCodeTestTests.xctest */ = {isa = PBXFileReference; explicitFileType = wrapper.cfbundle; includeInIndex = 0; path = HooksCodeTestTests.xctest; sourceTree = BUILT_PRODUCTS_DIR; };
		79CAE3411C18B08F000231E8 /* HooksCodeTestTests.swift */ = {isa = PBXFileReference; lastKnownFileType = sourcecode.swift; path = HooksCodeTestTests.swift; sourceTree = "<group>"; };
		79CAE3431C18B08F000231E8 /* Info.plist */ = {isa = PBXFileReference; lastKnownFileType = text.plist.xml; path = Info.plist; sourceTree = "<group>"; };
		79CAE34C1C18B136000231E8 /* Constants.swift */ = {isa = PBXFileReference; fileEncoding = 4; lastKnownFileType = sourcecode.swift; path = Constants.swift; sourceTree = "<group>"; };
		79CAE3571C18B5A7000231E8 /* DataModel.xcdatamodel */ = {isa = PBXFileReference; lastKnownFileType = wrapper.xcdatamodel; path = DataModel.xcdatamodel; sourceTree = "<group>"; };
		79CAE35A1C18B8DA000231E8 /* WeatherEntity+CoreDataProperties.swift */ = {isa = PBXFileReference; fileEncoding = 4; lastKnownFileType = sourcecode.swift; path = "WeatherEntity+CoreDataProperties.swift"; sourceTree = "<group>"; };
		79CAE35B1C18B8DA000231E8 /* WeatherEntity.swift */ = {isa = PBXFileReference; fileEncoding = 4; lastKnownFileType = sourcecode.swift; path = WeatherEntity.swift; sourceTree = "<group>"; };
		79CAE35E1C18B915000231E8 /* CoreDataContextManager.swift */ = {isa = PBXFileReference; fileEncoding = 4; lastKnownFileType = sourcecode.swift; path = CoreDataContextManager.swift; sourceTree = "<group>"; };
		79CAE3601C18BA2B000231E8 /* HTTPRequestManagerProtocol.swift */ = {isa = PBXFileReference; fileEncoding = 4; lastKnownFileType = sourcecode.swift; path = HTTPRequestManagerProtocol.swift; sourceTree = "<group>"; };
		79CAE3621C18BAF8000231E8 /* CurrentWeatherInteractor.swift */ = {isa = PBXFileReference; fileEncoding = 4; lastKnownFileType = sourcecode.swift; path = CurrentWeatherInteractor.swift; sourceTree = "<group>"; };
		79CAE3641C18BB1B000231E8 /* FiveDaysForecastInteractor.swift */ = {isa = PBXFileReference; fileEncoding = 4; lastKnownFileType = sourcecode.swift; path = FiveDaysForecastInteractor.swift; sourceTree = "<group>"; };
		79CAE3661C18BB9A000231E8 /* NSManagedObjectContext+ChangeContext.swift */ = {isa = PBXFileReference; fileEncoding = 4; lastKnownFileType = sourcecode.swift; path = "NSManagedObjectContext+ChangeContext.swift"; sourceTree = "<group>"; };
		79CAE36E1C18C095000231E8 /* WeatherProvider.swift */ = {isa = PBXFileReference; fileEncoding = 4; lastKnownFileType = sourcecode.swift; path = WeatherProvider.swift; sourceTree = "<group>"; };
		79CAE3721C18C1A3000231E8 /* HTTPRequestManagerFactory.swift */ = {isa = PBXFileReference; fileEncoding = 4; lastKnownFileType = sourcecode.swift; path = HTTPRequestManagerFactory.swift; sourceTree = "<group>"; };
		79CAE3741C18C1E6000231E8 /* HTTPRequestManager.swift */ = {isa = PBXFileReference; fileEncoding = 4; lastKnownFileType = sourcecode.swift; path = HTTPRequestManager.swift; sourceTree = "<group>"; };
		79CAE3761C18C244000231E8 /* HTTPSessionManager.swift */ = {isa = PBXFileReference; fileEncoding = 4; lastKnownFileType = sourcecode.swift; path = HTTPSessionManager.swift; sourceTree = "<group>"; };
/* End PBXFileReference section */

/* Begin PBXFrameworksBuildPhase section */
		79CAE32B1C18B08F000231E8 /* Frameworks */ = {
			isa = PBXFrameworksBuildPhase;
			buildActionMask = 2147483647;
			files = (
			);
			runOnlyForDeploymentPostprocessing = 0;
		};
		79CAE33A1C18B08F000231E8 /* Frameworks */ = {
			isa = PBXFrameworksBuildPhase;
			buildActionMask = 2147483647;
			files = (
			);
			runOnlyForDeploymentPostprocessing = 0;
		};
/* End PBXFrameworksBuildPhase section */

/* Begin PBXGroup section */
		79CAE3251C18B08F000231E8 = {
			isa = PBXGroup;
			children = (
				79CAE3301C18B08F000231E8 /* HooksCodeTest */,
				79CAE3401C18B08F000231E8 /* HooksCodeTestTests */,
				79CAE32F1C18B08F000231E8 /* Products */,
			);
			sourceTree = "<group>";
		};
		79CAE32F1C18B08F000231E8 /* Products */ = {
			isa = PBXGroup;
			children = (
				79CAE32E1C18B08F000231E8 /* HooksCodeTest.app */,
				79CAE33D1C18B08F000231E8 /* HooksCodeTestTests.xctest */,
			);
			name = Products;
			sourceTree = "<group>";
		};
		79CAE3301C18B08F000231E8 /* HooksCodeTest */ = {
			isa = PBXGroup;
			children = (
				79CAE3311C18B08F000231E8 /* AppDelegate.swift */,
				79CAE34C1C18B136000231E8 /* Constants.swift */,
				79CAE3381C18B08F000231E8 /* Info.plist */,
				79CAE34F1C18B51D000231E8 /* Shared */,
				79CAE34E1C18B514000231E8 /* UI */,
				79CAE3331C18B08F000231E8 /* Assets.xcassets */,
				79CAE3351C18B08F000231E8 /* LaunchScreen.storyboard */,
			);
			path = HooksCodeTest;
			sourceTree = "<group>";
		};
		79CAE3401C18B08F000231E8 /* HooksCodeTestTests */ = {
			isa = PBXGroup;
			children = (
				79CAE3411C18B08F000231E8 /* HooksCodeTestTests.swift */,
				79CAE3431C18B08F000231E8 /* Info.plist */,
			);
			path = HooksCodeTestTests;
			sourceTree = "<group>";
		};
		79CAE34E1C18B514000231E8 /* UI */ = {
			isa = PBXGroup;
			children = (
			);
			path = UI;
			sourceTree = "<group>";
		};
		79CAE34F1C18B51D000231E8 /* Shared */ = {
			isa = PBXGroup;
			children = (
				79CAE3511C18B550000231E8 /* Providers */,
				79CAE3501C18B52A000231E8 /* Use Cases */,
			);
			path = Shared;
			sourceTree = "<group>";
		};
		79CAE3501C18B52A000231E8 /* Use Cases */ = {
			isa = PBXGroup;
			children = (
				79CAE3621C18BAF8000231E8 /* CurrentWeatherInteractor.swift */,
				79CAE3641C18BB1B000231E8 /* FiveDaysForecastInteractor.swift */,
			);
			path = "Use Cases";
			sourceTree = "<group>";
		};
		79CAE3511C18B550000231E8 /* Providers */ = {
			isa = PBXGroup;
			children = (
				79CAE3531C18B571000231E8 /* Network */,
				79CAE3541C18B57C000231E8 /* Storage */,
				79CAE36E1C18C095000231E8 /* WeatherProvider.swift */,
			);
			path = Providers;
			sourceTree = "<group>";
		};
		79CAE3531C18B571000231E8 /* Network */ = {
			isa = PBXGroup;
			children = (
				79CAE3601C18BA2B000231E8 /* HTTPRequestManagerProtocol.swift */,
				79CAE3721C18C1A3000231E8 /* HTTPRequestManagerFactory.swift */,
				79CAE3741C18C1E6000231E8 /* HTTPRequestManager.swift */,
				79CAE3761C18C244000231E8 /* HTTPSessionManager.swift */,
			);
			path = Network;
			sourceTree = "<group>";
		};
		79CAE3541C18B57C000231E8 /* Storage */ = {
			isa = PBXGroup;
			children = (
				79CAE3551C18B591000231E8 /* CoreData */,
			);
			path = Storage;
			sourceTree = "<group>";
		};
		79CAE3551C18B591000231E8 /* CoreData */ = {
			isa = PBXGroup;
			children = (
				79CAE3591C18B8AE000231E8 /* Entities */,
				79CAE35E1C18B915000231E8 /* CoreDataContextManager.swift */,
				79CAE3661C18BB9A000231E8 /* NSManagedObjectContext+ChangeContext.swift */,
				79CAE3561C18B5A7000231E8 /* DataModel.xcdatamodeld */,
			);
			path = CoreData;
			sourceTree = "<group>";
		};
		79CAE3591C18B8AE000231E8 /* Entities */ = {
			isa = PBXGroup;
			children = (
				79CAE35A1C18B8DA000231E8 /* WeatherEntity+CoreDataProperties.swift */,
				79CAE35B1C18B8DA000231E8 /* WeatherEntity.swift */,
			);
			path = Entities;
			sourceTree = "<group>";
		};
/* End PBXGroup section */

/* Begin PBXNativeTarget section */
		79CAE32D1C18B08F000231E8 /* HooksCodeTest */ = {
			isa = PBXNativeTarget;
			buildConfigurationList = 79CAE3461C18B08F000231E8 /* Build configuration list for PBXNativeTarget "HooksCodeTest" */;
			buildPhases = (
				79CAE32A1C18B08F000231E8 /* Sources */,
				79CAE32B1C18B08F000231E8 /* Frameworks */,
				79CAE32C1C18B08F000231E8 /* Resources */,
			);
			buildRules = (
			);
			dependencies = (
			);
			name = HooksCodeTest;
			productName = HooksCodeTest;
			productReference = 79CAE32E1C18B08F000231E8 /* HooksCodeTest.app */;
			productType = "com.apple.product-type.application";
		};
		79CAE33C1C18B08F000231E8 /* HooksCodeTestTests */ = {
			isa = PBXNativeTarget;
			buildConfigurationList = 79CAE3491C18B08F000231E8 /* Build configuration list for PBXNativeTarget "HooksCodeTestTests" */;
			buildPhases = (
				79CAE3391C18B08F000231E8 /* Sources */,
				79CAE33A1C18B08F000231E8 /* Frameworks */,
				79CAE33B1C18B08F000231E8 /* Resources */,
			);
			buildRules = (
			);
			dependencies = (
				79CAE33F1C18B08F000231E8 /* PBXTargetDependency */,
			);
			name = HooksCodeTestTests;
			productName = HooksCodeTestTests;
			productReference = 79CAE33D1C18B08F000231E8 /* HooksCodeTestTests.xctest */;
			productType = "com.apple.product-type.bundle.unit-test";
		};
/* End PBXNativeTarget section */

/* Begin PBXProject section */
		79CAE3261C18B08F000231E8 /* Project object */ = {
			isa = PBXProject;
			attributes = {
				LastSwiftUpdateCheck = 0710;
				LastUpgradeCheck = 0710;
				ORGANIZATIONNAME = Antonio;
				TargetAttributes = {
					79CAE32D1C18B08F000231E8 = {
						CreatedOnToolsVersion = 7.1.1;
					};
					79CAE33C1C18B08F000231E8 = {
						CreatedOnToolsVersion = 7.1.1;
						TestTargetID = 79CAE32D1C18B08F000231E8;
					};
				};
			};
			buildConfigurationList = 79CAE3291C18B08F000231E8 /* Build configuration list for PBXProject "HooksCodeTest" */;
			compatibilityVersion = "Xcode 3.2";
			developmentRegion = English;
			hasScannedForEncodings = 0;
			knownRegions = (
				en,
				Base,
			);
			mainGroup = 79CAE3251C18B08F000231E8;
			productRefGroup = 79CAE32F1C18B08F000231E8 /* Products */;
			projectDirPath = "";
			projectRoot = "";
			targets = (
				79CAE32D1C18B08F000231E8 /* HooksCodeTest */,
				79CAE33C1C18B08F000231E8 /* HooksCodeTestTests */,
			);
		};
/* End PBXProject section */

/* Begin PBXResourcesBuildPhase section */
		79CAE32C1C18B08F000231E8 /* Resources */ = {
			isa = PBXResourcesBuildPhase;
			buildActionMask = 2147483647;
			files = (
				79CAE3341C18B08F000231E8 /* Assets.xcassets in Resources */,
				79CAE3371C18B08F000231E8 /* LaunchScreen.storyboard in Resources */,
			);
			runOnlyForDeploymentPostprocessing = 0;
		};
		79CAE33B1C18B08F000231E8 /* Resources */ = {
			isa = PBXResourcesBuildPhase;
			buildActionMask = 2147483647;
			files = (
			);
			runOnlyForDeploymentPostprocessing = 0;
		};
/* End PBXResourcesBuildPhase section */

/* Begin PBXSourcesBuildPhase section */
		79CAE32A1C18B08F000231E8 /* Sources */ = {
			isa = PBXSourcesBuildPhase;
			buildActionMask = 2147483647;
			files = (
				79CAE35F1C18B915000231E8 /* CoreDataContextManager.swift in Sources */,
				79CAE3581C18B5A7000231E8 /* DataModel.xcdatamodeld in Sources */,
				79CAE3731C18C1A3000231E8 /* HTTPRequestManagerFactory.swift in Sources */,
				79CAE36F1C18C095000231E8 /* WeatherProvider.swift in Sources */,
				79CAE3751C18C1E6000231E8 /* HTTPRequestManager.swift in Sources */,
				79CAE35C1C18B8DA000231E8 /* WeatherEntity+CoreDataProperties.swift in Sources */,
				79CAE3771C18C244000231E8 /* HTTPSessionManager.swift in Sources */,
				79CAE3651C18BB1B000231E8 /* FiveDaysForecastInteractor.swift in Sources */,
				79CAE35D1C18B8DA000231E8 /* WeatherEntity.swift in Sources */,
				79CAE3611C18BA2B000231E8 /* HTTPRequestManagerProtocol.swift in Sources */,
				79CAE3321C18B08F000231E8 /* AppDelegate.swift in Sources */,
				79CAE3671C18BB9A000231E8 /* NSManagedObjectContext+ChangeContext.swift in Sources */,
				79CAE34D1C18B136000231E8 /* Constants.swift in Sources */,
				79CAE3631C18BAF8000231E8 /* CurrentWeatherInteractor.swift in Sources */,
			);
			runOnlyForDeploymentPostprocessing = 0;
		};
		79CAE3391C18B08F000231E8 /* Sources */ = {
			isa = PBXSourcesBuildPhase;
			buildActionMask = 2147483647;
			files = (
				79CAE3421C18B08F000231E8 /* HooksCodeTestTests.swift in Sources */,
			);
			runOnlyForDeploymentPostprocessing = 0;
		};
/* End PBXSourcesBuildPhase section */

/* Begin PBXTargetDependency section */
		79CAE33F1C18B08F000231E8 /* PBXTargetDependency */ = {
			isa = PBXTargetDependency;
			target = 79CAE32D1C18B08F000231E8 /* HooksCodeTest */;
			targetProxy = 79CAE33E1C18B08F000231E8 /* PBXContainerItemProxy */;
		};
/* End PBXTargetDependency section */

/* Begin PBXVariantGroup section */
		79CAE3351C18B08F000231E8 /* LaunchScreen.storyboard */ = {
			isa = PBXVariantGroup;
			children = (
				79CAE3361C18B08F000231E8 /* Base */,
			);
			name = LaunchScreen.storyboard;
			path = .;
			sourceTree = "<group>";
		};
/* End PBXVariantGroup section */

/* Begin XCBuildConfiguration section */
		79CAE3441C18B08F000231E8 /* Debug */ = {
			isa = XCBuildConfiguration;
			buildSettings = {
				ALWAYS_SEARCH_USER_PATHS = NO;
				CLANG_CXX_LANGUAGE_STANDARD = "gnu++0x";
				CLANG_CXX_LIBRARY = "libc++";
				CLANG_ENABLE_MODULES = YES;
				CLANG_ENABLE_OBJC_ARC = YES;
				CLANG_WARN_BOOL_CONVERSION = YES;
				CLANG_WARN_CONSTANT_CONVERSION = YES;
				CLANG_WARN_DIRECT_OBJC_ISA_USAGE = YES_ERROR;
				CLANG_WARN_EMPTY_BODY = YES;
				CLANG_WARN_ENUM_CONVERSION = YES;
				CLANG_WARN_INT_CONVERSION = YES;
				CLANG_WARN_OBJC_ROOT_CLASS = YES_ERROR;
				CLANG_WARN_UNREACHABLE_CODE = YES;
				CLANG_WARN__DUPLICATE_METHOD_MATCH = YES;
				"CODE_SIGN_IDENTITY[sdk=iphoneos*]" = "iPhone Developer";
				COPY_PHASE_STRIP = NO;
				DEBUG_INFORMATION_FORMAT = dwarf;
				ENABLE_STRICT_OBJC_MSGSEND = YES;
				ENABLE_TESTABILITY = YES;
				GCC_C_LANGUAGE_STANDARD = gnu99;
				GCC_DYNAMIC_NO_PIC = NO;
				GCC_NO_COMMON_BLOCKS = YES;
				GCC_OPTIMIZATION_LEVEL = 0;
				GCC_PREPROCESSOR_DEFINITIONS = (
					"DEBUG=1",
					"$(inherited)",
				);
				GCC_WARN_64_TO_32_BIT_CONVERSION = YES;
				GCC_WARN_ABOUT_RETURN_TYPE = YES_ERROR;
				GCC_WARN_UNDECLARED_SELECTOR = YES;
				GCC_WARN_UNINITIALIZED_AUTOS = YES_AGGRESSIVE;
				GCC_WARN_UNUSED_FUNCTION = YES;
				GCC_WARN_UNUSED_VARIABLE = YES;
				IPHONEOS_DEPLOYMENT_TARGET = 9.1;
				MTL_ENABLE_DEBUG_INFO = YES;
				ONLY_ACTIVE_ARCH = YES;
				SDKROOT = iphoneos;
				SWIFT_OPTIMIZATION_LEVEL = "-Onone";
			};
			name = Debug;
		};
		79CAE3451C18B08F000231E8 /* Release */ = {
			isa = XCBuildConfiguration;
			buildSettings = {
				ALWAYS_SEARCH_USER_PATHS = NO;
				CLANG_CXX_LANGUAGE_STANDARD = "gnu++0x";
				CLANG_CXX_LIBRARY = "libc++";
				CLANG_ENABLE_MODULES = YES;
				CLANG_ENABLE_OBJC_ARC = YES;
				CLANG_WARN_BOOL_CONVERSION = YES;
				CLANG_WARN_CONSTANT_CONVERSION = YES;
				CLANG_WARN_DIRECT_OBJC_ISA_USAGE = YES_ERROR;
				CLANG_WARN_EMPTY_BODY = YES;
				CLANG_WARN_ENUM_CONVERSION = YES;
				CLANG_WARN_INT_CONVERSION = YES;
				CLANG_WARN_OBJC_ROOT_CLASS = YES_ERROR;
				CLANG_WARN_UNREACHABLE_CODE = YES;
				CLANG_WARN__DUPLICATE_METHOD_MATCH = YES;
				"CODE_SIGN_IDENTITY[sdk=iphoneos*]" = "iPhone Developer";
				COPY_PHASE_STRIP = NO;
				DEBUG_INFORMATION_FORMAT = "dwarf-with-dsym";
				ENABLE_NS_ASSERTIONS = NO;
				ENABLE_STRICT_OBJC_MSGSEND = YES;
				GCC_C_LANGUAGE_STANDARD = gnu99;
				GCC_NO_COMMON_BLOCKS = YES;
				GCC_WARN_64_TO_32_BIT_CONVERSION = YES;
				GCC_WARN_ABOUT_RETURN_TYPE = YES_ERROR;
				GCC_WARN_UNDECLARED_SELECTOR = YES;
				GCC_WARN_UNINITIALIZED_AUTOS = YES_AGGRESSIVE;
				GCC_WARN_UNUSED_FUNCTION = YES;
				GCC_WARN_UNUSED_VARIABLE = YES;
				IPHONEOS_DEPLOYMENT_TARGET = 9.1;
				MTL_ENABLE_DEBUG_INFO = NO;
				SDKROOT = iphoneos;
				VALIDATE_PRODUCT = YES;
			};
			name = Release;
		};
		79CAE3471C18B08F000231E8 /* Debug */ = {
			isa = XCBuildConfiguration;
			buildSettings = {
				ASSETCATALOG_COMPILER_APPICON_NAME = AppIcon;
				INFOPLIST_FILE = HooksCodeTest/Info.plist;
				IPHONEOS_DEPLOYMENT_TARGET = 9.0;
				LD_RUNPATH_SEARCH_PATHS = "$(inherited) @executable_path/Frameworks";
				PRODUCT_BUNDLE_IDENTIFIER = com.antjimar.HooksCodeTest;
				PRODUCT_NAME = "$(TARGET_NAME)";
			};
			name = Debug;
		};
		79CAE3481C18B08F000231E8 /* Release */ = {
			isa = XCBuildConfiguration;
			buildSettings = {
				ASSETCATALOG_COMPILER_APPICON_NAME = AppIcon;
				INFOPLIST_FILE = HooksCodeTest/Info.plist;
				IPHONEOS_DEPLOYMENT_TARGET = 9.0;
				LD_RUNPATH_SEARCH_PATHS = "$(inherited) @executable_path/Frameworks";
				PRODUCT_BUNDLE_IDENTIFIER = com.antjimar.HooksCodeTest;
				PRODUCT_NAME = "$(TARGET_NAME)";
			};
			name = Release;
		};
		79CAE34A1C18B08F000231E8 /* Debug */ = {
			isa = XCBuildConfiguration;
			buildSettings = {
				BUNDLE_LOADER = "$(TEST_HOST)";
				INFOPLIST_FILE = HooksCodeTestTests/Info.plist;
				LD_RUNPATH_SEARCH_PATHS = "$(inherited) @executable_path/Frameworks @loader_path/Frameworks";
				PRODUCT_BUNDLE_IDENTIFIER = com.antjimar.HooksCodeTestTests;
				PRODUCT_NAME = "$(TARGET_NAME)";
				TEST_HOST = "$(BUILT_PRODUCTS_DIR)/HooksCodeTest.app/HooksCodeTest";
			};
			name = Debug;
		};
		79CAE34B1C18B08F000231E8 /* Release */ = {
			isa = XCBuildConfiguration;
			buildSettings = {
				BUNDLE_LOADER = "$(TEST_HOST)";
				INFOPLIST_FILE = HooksCodeTestTests/Info.plist;
				LD_RUNPATH_SEARCH_PATHS = "$(inherited) @executable_path/Frameworks @loader_path/Frameworks";
				PRODUCT_BUNDLE_IDENTIFIER = com.antjimar.HooksCodeTestTests;
				PRODUCT_NAME = "$(TARGET_NAME)";
				TEST_HOST = "$(BUILT_PRODUCTS_DIR)/HooksCodeTest.app/HooksCodeTest";
			};
			name = Release;
		};
/* End XCBuildConfiguration section */

/* Begin XCConfigurationList section */
		79CAE3291C18B08F000231E8 /* Build configuration list for PBXProject "HooksCodeTest" */ = {
			isa = XCConfigurationList;
			buildConfigurations = (
				79CAE3441C18B08F000231E8 /* Debug */,
				79CAE3451C18B08F000231E8 /* Release */,
			);
			defaultConfigurationIsVisible = 0;
			defaultConfigurationName = Release;
		};
		79CAE3461C18B08F000231E8 /* Build configuration list for PBXNativeTarget "HooksCodeTest" */ = {
			isa = XCConfigurationList;
			buildConfigurations = (
				79CAE3471C18B08F000231E8 /* Debug */,
				79CAE3481C18B08F000231E8 /* Release */,
			);
			defaultConfigurationIsVisible = 0;
			defaultConfigurationName = Release;
		};
		79CAE3491C18B08F000231E8 /* Build configuration list for PBXNativeTarget "HooksCodeTestTests" */ = {
			isa = XCConfigurationList;
			buildConfigurations = (
				79CAE34A1C18B08F000231E8 /* Debug */,
				79CAE34B1C18B08F000231E8 /* Release */,
			);
			defaultConfigurationIsVisible = 0;
			defaultConfigurationName = Release;
		};
/* End XCConfigurationList section */

/* Begin XCVersionGroup section */
		79CAE3561C18B5A7000231E8 /* DataModel.xcdatamodeld */ = {
			isa = XCVersionGroup;
			children = (
				79CAE3571C18B5A7000231E8 /* DataModel.xcdatamodel */,
			);
			currentVersion = 79CAE3571C18B5A7000231E8 /* DataModel.xcdatamodel */;
			path = DataModel.xcdatamodeld;
			sourceTree = "<group>";
			versionGroupType = wrapper.xcdatamodel;
		};
/* End XCVersionGroup section */
	};
	rootObject = 79CAE3261C18B08F000231E8 /* Project object */;
}
